PODS:
  - flutter_nes (0.0.1):
    - FlutterMacOS
  - FlutterMacOS (1.0.0)
  - irondash_engine_context (0.0.1):
    - FlutterMacOS

DEPENDENCIES:
  - flutter_nes (from `Flutter/ephemeral/.symlinks/plugins/flutter_nes/macos`)
  - FlutterMacOS (from `Flutter/ephemeral`)
  - irondash_engine_context (from `Flutter/ephemeral/.symlinks/plugins/irondash_engine_context/macos`)

EXTERNAL SOURCES:
  flutter_nes:
    :path: Flutter/ephemeral/.symlinks/plugins/flutter_nes/macos
  FlutterMacOS:
    :path: Flutter/ephemeral
  irondash_engine_context:
    :path: Flutter/ephemeral/.symlinks/plugins/irondash_engine_context/macos

SPEC CHECKSUMS:
  flutter_nes: d0083e21f0bc28bd9e2a83cd365e9f315c683010
  FlutterMacOS: 8f6f14fa908a6fb3fba0cd85dbd81ec4b251fb24
  irondash_engine_context: da62996ee25616d2f01bbeb85dc115d813359478

PODFILE CHECKSUM: 236401fc2c932af29a9fcf0e97baeeb2d750d367

COCOAPODS: 1.15.2
